
Microsoft Visual Studio Solution File, Format Version 12.00
# Visual Studio Version 17
VisualStudioVersion = 17.4.33103.184
MinimumVisualStudioVersion = 10.0.40219.1
Project("{FAE04EC0-301F-11D3-BF4B-00C04F79EFBC}") = "tmdb-api.domain", "tmdb-api.domain\tmdb-api.domain.csproj", "{F79E01AB-46CD-43B8-8458-DCD12B686F1C}"
EndProject
Project("{FAE04EC0-301F-11D3-BF4B-00C04F79EFBC}") = "tmdb-api.data", "tmdb-api.data\tmdb-api.data.csproj", "{51BB4634-8B6B-4914-90A0-5643BEEC2E46}"
EndProject
Project("{FAE04EC0-301F-11D3-BF4B-00C04F79EFBC}") = "tmdb-api.service", "tmdb-api.service\tmdb-api.service.csproj", "{BE18BAF7-7F4A-4AD8-B9DC-C407EC8DBD52}"
EndProject
Project("{FAE04EC0-301F-11D3-BF4B-00C04F79EFBC}") = "tmdb-api.endpoint", "tmdb-api.endpoint\tmdb-api.endpoint.csproj", "{4ABEBD2A-FDC0-4A6A-9D6F-A3D9F83473A1}"
EndProject
Global
	GlobalSection(SolutionConfigurationPlatforms) = preSolution
		Debug|Any CPU = Debug|Any CPU
		Release|Any CPU = Release|Any CPU
	EndGlobalSection
	GlobalSection(ProjectConfigurationPlatforms) = postSolution
		{F79E01AB-46CD-43B8-8458-DCD12B686F1C}.Debug|Any CPU.ActiveCfg = Debug|Any CPU
		{F79E01AB-46CD-43B8-8458-DCD12B686F1C}.Debug|Any CPU.Build.0 = Debug|Any CPU
		{F79E01AB-46CD-43B8-8458-DCD12B686F1C}.Release|Any CPU.ActiveCfg = Release|Any CPU
		{F79E01AB-46CD-43B8-8458-DCD12B686F1C}.Release|Any CPU.Build.0 = Release|Any CPU
		{51BB4634-8B6B-4914-90A0-5643BEEC2E46}.Debug|Any CPU.ActiveCfg = Debug|Any CPU
		{51BB4634-8B6B-4914-90A0-5643BEEC2E46}.Debug|Any CPU.Build.0 = Debug|Any CPU
		{51BB4634-8B6B-4914-90A0-5643BEEC2E46}.Release|Any CPU.ActiveCfg = Release|Any CPU
		{51BB4634-8B6B-4914-90A0-5643BEEC2E46}.Release|Any CPU.Build.0 = Release|Any CPU
		{BE18BAF7-7F4A-4AD8-B9DC-C407EC8DBD52}.Debug|Any CPU.ActiveCfg = Debug|Any CPU
		{BE18BAF7-7F4A-4AD8-B9DC-C407EC8DBD52}.Debug|Any CPU.Build.0 = Debug|Any CPU
		{BE18BAF7-7F4A-4AD8-B9DC-C407EC8DBD52}.Release|Any CPU.ActiveCfg = Release|Any CPU
		{BE18BAF7-7F4A-4AD8-B9DC-C407EC8DBD52}.Release|Any CPU.Build.0 = Release|Any CPU
		{4ABEBD2A-FDC0-4A6A-9D6F-A3D9F83473A1}.Debug|Any CPU.ActiveCfg = Debug|Any CPU
		{4ABEBD2A-FDC0-4A6A-9D6F-A3D9F83473A1}.Debug|Any CPU.Build.0 = Debug|Any CPU
		{4ABEBD2A-FDC0-4A6A-9D6F-A3D9F83473A1}.Release|Any CPU.ActiveCfg = Release|Any CPU
		{4ABEBD2A-FDC0-4A6A-9D6F-A3D9F83473A1}.Release|Any CPU.Build.0 = Release|Any CPU
	EndGlobalSection
	GlobalSection(SolutionProperties) = preSolution
		HideSolutionNode = FALSE
	EndGlobalSection
	GlobalSection(ExtensibilityGlobals) = postSolution
		SolutionGuid = {2BCD23B9-88E3-4997-8EA5-E8E119EBC602}
	EndGlobalSection
EndGlobal
